// !$*UTF8*$!
{
	archiveVersion = 1;
	classes = {
	};
	objectVersion = 55;
	objects = {

/* Begin PBXBuildFile section */
		220D10302771918B00300F96 /* ImagesLoader.swift in Sources */ = {isa = PBXBuildFile; fileRef = 220D102F2771918B00300F96 /* ImagesLoader.swift */; };
		220D10322771DC6F00300F96 /* Location.swift in Sources */ = {isa = PBXBuildFile; fileRef = 220D10312771DC6F00300F96 /* Location.swift */; };
		221B7E28276F981F00C46CF0 /* PlaceCollectionViewCell.swift in Sources */ = {isa = PBXBuildFile; fileRef = 221B7E27276F981F00C46CF0 /* PlaceCollectionViewCell.swift */; };
		22524EE527712B9700529A5B /* NearbyPlacesViewController.swift in Sources */ = {isa = PBXBuildFile; fileRef = 22524EE427712B9700529A5B /* NearbyPlacesViewController.swift */; };
		22524EE7277138D400529A5B /* Double.swift in Sources */ = {isa = PBXBuildFile; fileRef = 22524EE6277138D400529A5B /* Double.swift */; };
		22566516278218FA00B8A2C3 /* UIView.swift in Sources */ = {isa = PBXBuildFile; fileRef = 22566515278218FA00B8A2C3 /* UIView.swift */; };
		225C055D2790586200DE9076 /* AuthorizationCenter.swift in Sources */ = {isa = PBXBuildFile; fileRef = 225C055C2790586200DE9076 /* AuthorizationCenter.swift */; };
		22A13DF727BA5A4E003C9E67 /* MainCoordinator.swift in Sources */ = {isa = PBXBuildFile; fileRef = 22A13DF627BA5A4E003C9E67 /* MainCoordinator.swift */; };
		22A13DFA27BA5A82003C9E67 /* MainPageComposer.swift in Sources */ = {isa = PBXBuildFile; fileRef = 22A13DF927BA5A82003C9E67 /* MainPageComposer.swift */; };
		22A13DFC27BA5ACE003C9E67 /* PlaceDetailsComposer.swift in Sources */ = {isa = PBXBuildFile; fileRef = 22A13DFB27BA5ACE003C9E67 /* PlaceDetailsComposer.swift */; };
		22A13DFE27BA5B4C003C9E67 /* NearbyPlacesComposer.swift in Sources */ = {isa = PBXBuildFile; fileRef = 22A13DFD27BA5B4C003C9E67 /* NearbyPlacesComposer.swift */; };
		22A13E0027BA5C18003C9E67 /* NSError.swift in Sources */ = {isa = PBXBuildFile; fileRef = 22A13DFF27BA5C18003C9E67 /* NSError.swift */; };
		22B74BD1278F431300BE6E52 /* DefaultHTTPClientTests.swift in Sources */ = {isa = PBXBuildFile; fileRef = 22B74BD0278F431300BE6E52 /* DefaultHTTPClientTests.swift */; };
		22B74BD3278F4BFD00BE6E52 /* TriposoServiceTests.swift in Sources */ = {isa = PBXBuildFile; fileRef = 22B74BD2278F4BFD00BE6E52 /* TriposoServiceTests.swift */; };
		22B74BD7278F670B00BE6E52 /* TriposoPathProvider.swift in Sources */ = {isa = PBXBuildFile; fileRef = 22B74BD6278F670B00BE6E52 /* TriposoPathProvider.swift */; };
		22B74BD9278F7F4000BE6E52 /* MainPageCompositeViewModel.swift in Sources */ = {isa = PBXBuildFile; fileRef = 22B74BD8278F7F4000BE6E52 /* MainPageCompositeViewModel.swift */; };
		22BB9FBD27776635006D6EF0 /* LocationManagerTests.swift in Sources */ = {isa = PBXBuildFile; fileRef = 22BB9FBC27776635006D6EF0 /* LocationManagerTests.swift */; };
		22E1D5D62791FACA009F6AB1 /* DataCachePolicy.swift in Sources */ = {isa = PBXBuildFile; fileRef = 22E1D5D52791FACA009F6AB1 /* DataCachePolicy.swift */; };
		22F54FD7276CDEC500CF4E2A /* AppDelegate.swift in Sources */ = {isa = PBXBuildFile; fileRef = 22F54FD6276CDEC500CF4E2A /* AppDelegate.swift */; };
		22F54FD9276CDEC500CF4E2A /* SceneDelegate.swift in Sources */ = {isa = PBXBuildFile; fileRef = 22F54FD8276CDEC500CF4E2A /* SceneDelegate.swift */; };
		22F54FE0276CDEC700CF4E2A /* Assets.xcassets in Resources */ = {isa = PBXBuildFile; fileRef = 22F54FDF276CDEC700CF4E2A /* Assets.xcassets */; };
		22F54FE3276CDEC700CF4E2A /* LaunchScreen.storyboard in Resources */ = {isa = PBXBuildFile; fileRef = 22F54FE1276CDEC700CF4E2A /* LaunchScreen.storyboard */; };
		22F54FEE276CDEC700CF4E2A /* AppTests.swift in Sources */ = {isa = PBXBuildFile; fileRef = 22F54FED276CDEC700CF4E2A /* AppTests.swift */; };
		22F5500A276CE21500CF4E2A /* ThemeProvider.swift in Sources */ = {isa = PBXBuildFile; fileRef = 22F55009276CE21500CF4E2A /* ThemeProvider.swift */; };
		22F5500C276CE3E900CF4E2A /* UIColor.swift in Sources */ = {isa = PBXBuildFile; fileRef = 22F5500B276CE3E900CF4E2A /* UIColor.swift */; };
		22F55013276CF0E400CF4E2A /* GoogleMapsCore.xcframework in Frameworks */ = {isa = PBXBuildFile; fileRef = 22F5500F276CF0E400CF4E2A /* GoogleMapsCore.xcframework */; };
		22F55015276CF0E400CF4E2A /* GoogleMaps.xcframework in Frameworks */ = {isa = PBXBuildFile; fileRef = 22F55010276CF0E400CF4E2A /* GoogleMaps.xcframework */; };
		22F55017276CF0E400CF4E2A /* GoogleMapsBase.xcframework in Frameworks */ = {isa = PBXBuildFile; fileRef = 22F55011276CF0E400CF4E2A /* GoogleMapsBase.xcframework */; };
		22F55019276CF0E400CF4E2A /* GoogleMapsM4B.xcframework in Frameworks */ = {isa = PBXBuildFile; fileRef = 22F55012276CF0E400CF4E2A /* GoogleMapsM4B.xcframework */; };
		22F5501F276CF20F00CF4E2A /* GoogleMaps.bundle in Resources */ = {isa = PBXBuildFile; fileRef = 22F5501E276CF20F00CF4E2A /* GoogleMaps.bundle */; };
		22F55021276CF24000CF4E2A /* Accelerate.framework in Frameworks */ = {isa = PBXBuildFile; fileRef = 22F55020276CF24000CF4E2A /* Accelerate.framework */; };
		22F55023276CF24C00CF4E2A /* CoreData.framework in Frameworks */ = {isa = PBXBuildFile; fileRef = 22F55022276CF24C00CF4E2A /* CoreData.framework */; };
		22F55025276CF25900CF4E2A /* CoreGraphics.framework in Frameworks */ = {isa = PBXBuildFile; fileRef = 22F55024276CF25900CF4E2A /* CoreGraphics.framework */; };
		22F55027276CF26000CF4E2A /* CoreImage.framework in Frameworks */ = {isa = PBXBuildFile; fileRef = 22F55026276CF26000CF4E2A /* CoreImage.framework */; };
		22F55029276CF26A00CF4E2A /* CoreLocation.framework in Frameworks */ = {isa = PBXBuildFile; fileRef = 22F55028276CF26A00CF4E2A /* CoreLocation.framework */; };
		22F5502B276CF27300CF4E2A /* CoreTelephony.framework in Frameworks */ = {isa = PBXBuildFile; fileRef = 22F5502A276CF27300CF4E2A /* CoreTelephony.framework */; };
		22F5502D276CF28000CF4E2A /* CoreText.framework in Frameworks */ = {isa = PBXBuildFile; fileRef = 22F5502C276CF28000CF4E2A /* CoreText.framework */; };
		22F5502F276CF28800CF4E2A /* GLKit.framework in Frameworks */ = {isa = PBXBuildFile; fileRef = 22F5502E276CF28700CF4E2A /* GLKit.framework */; };
		22F55031276CF29000CF4E2A /* ImageIO.framework in Frameworks */ = {isa = PBXBuildFile; fileRef = 22F55030276CF29000CF4E2A /* ImageIO.framework */; };
		22F55033276CF29E00CF4E2A /* libc++.tbd in Frameworks */ = {isa = PBXBuildFile; fileRef = 22F55032276CF29E00CF4E2A /* libc++.tbd */; };
		22F55035276CF2A800CF4E2A /* libz.tbd in Frameworks */ = {isa = PBXBuildFile; fileRef = 22F55034276CF2A800CF4E2A /* libz.tbd */; };
		22F55037276CF2AD00CF4E2A /* Metal.framework in Frameworks */ = {isa = PBXBuildFile; fileRef = 22F55036276CF2AD00CF4E2A /* Metal.framework */; };
		22F55039276CF2BA00CF4E2A /* OpenGLES.framework in Frameworks */ = {isa = PBXBuildFile; fileRef = 22F55038276CF2BA00CF4E2A /* OpenGLES.framework */; };
		22F5503B276CF2C500CF4E2A /* QuartzCore.framework in Frameworks */ = {isa = PBXBuildFile; fileRef = 22F5503A276CF2C500CF4E2A /* QuartzCore.framework */; };
		22F5503D276CF2CF00CF4E2A /* SystemConfiguration.framework in Frameworks */ = {isa = PBXBuildFile; fileRef = 22F5503C276CF2CF00CF4E2A /* SystemConfiguration.framework */; };
		22F5503F276CF2DA00CF4E2A /* UIKit.framework in Frameworks */ = {isa = PBXBuildFile; fileRef = 22F5503E276CF2D900CF4E2A /* UIKit.framework */; };
		22F55041276CF38E00CF4E2A /* HTTPClient.swift in Sources */ = {isa = PBXBuildFile; fileRef = 22F55040276CF38E00CF4E2A /* HTTPClient.swift */; };
		22F55048276D593E00CF4E2A /* MainPageViewController.swift in Sources */ = {isa = PBXBuildFile; fileRef = 22F55047276D593E00CF4E2A /* MainPageViewController.swift */; };
		22F5504C276D5A7A00CF4E2A /* PlaceDetailsViewController.swift in Sources */ = {isa = PBXBuildFile; fileRef = 22F5504B276D5A7A00CF4E2A /* PlaceDetailsViewController.swift */; };
		22F5504E276D5B6300CF4E2A /* PlaceViewModel.swift in Sources */ = {isa = PBXBuildFile; fileRef = 22F5504D276D5B6300CF4E2A /* PlaceViewModel.swift */; };
		22F55050276D60C800CF4E2A /* PlacesViewModel.swift in Sources */ = {isa = PBXBuildFile; fileRef = 22F5504F276D60C800CF4E2A /* PlacesViewModel.swift */; };
		22F55052276D61D500CF4E2A /* PlaceLoader.swift in Sources */ = {isa = PBXBuildFile; fileRef = 22F55051276D61D500CF4E2A /* PlaceLoader.swift */; };
		22F55054276D6CE500CF4E2A /* TriposoService.swift in Sources */ = {isa = PBXBuildFile; fileRef = 22F55053276D6CE500CF4E2A /* TriposoService.swift */; };
		22F55057276D7A8100CF4E2A /* TagViewModel.swift in Sources */ = {isa = PBXBuildFile; fileRef = 22F55056276D7A8100CF4E2A /* TagViewModel.swift */; };
		22F55059276D7A8900CF4E2A /* TagsViewModel.swift in Sources */ = {isa = PBXBuildFile; fileRef = 22F55058276D7A8900CF4E2A /* TagsViewModel.swift */; };
		22F5505D276D7AD500CF4E2A /* TagModel.swift in Sources */ = {isa = PBXBuildFile; fileRef = 22F5505C276D7AD500CF4E2A /* TagModel.swift */; };
		22F55062276D7B1A00CF4E2A /* TagLoader.swift in Sources */ = {isa = PBXBuildFile; fileRef = 22F55061276D7B1A00CF4E2A /* TagLoader.swift */; };
		22F55065276D7B9100CF4E2A /* PlaceModel.swift in Sources */ = {isa = PBXBuildFile; fileRef = 22F55064276D7B9100CF4E2A /* PlaceModel.swift */; };
		22F55067276D7FC400CF4E2A /* TagCollectionViewCell.swift in Sources */ = {isa = PBXBuildFile; fileRef = 22F55066276D7FC400CF4E2A /* TagCollectionViewCell.swift */; };
		22F5506B276D8C4F00CF4E2A /* AlwaysFailingStore.swift in Sources */ = {isa = PBXBuildFile; fileRef = 22F5506A276D8C4F00CF4E2A /* AlwaysFailingStore.swift */; };
		22F5506D276D8D2500CF4E2A /* NotificationService.swift in Sources */ = {isa = PBXBuildFile; fileRef = 22F5506C276D8D2500CF4E2A /* NotificationService.swift */; };
		22F5506F276E28FF00CF4E2A /* LocationManager.swift in Sources */ = {isa = PBXBuildFile; fileRef = 22F5506E276E28FF00CF4E2A /* LocationManager.swift */; };
		22F55071276E407D00CF4E2A /* CollectionViewLayoutProvider.swift in Sources */ = {isa = PBXBuildFile; fileRef = 22F55070276E407D00CF4E2A /* CollectionViewLayoutProvider.swift */; };
/* End PBXBuildFile section */

/* Begin PBXContainerItemProxy section */
		22F54FEA276CDEC700CF4E2A /* PBXContainerItemProxy */ = {
			isa = PBXContainerItemProxy;
			containerPortal = 22F54FCB276CDEC500CF4E2A /* Project object */;
			proxyType = 1;
			remoteGlobalIDString = 22F54FD2276CDEC500CF4E2A;
			remoteInfo = App;
		};
/* End PBXContainerItemProxy section */

/* Begin PBXFileReference section */
		220D102F2771918B00300F96 /* ImagesLoader.swift */ = {isa = PBXFileReference; lastKnownFileType = sourcecode.swift; path = ImagesLoader.swift; sourceTree = "<group>"; };
		220D10312771DC6F00300F96 /* Location.swift */ = {isa = PBXFileReference; lastKnownFileType = sourcecode.swift; path = Location.swift; sourceTree = "<group>"; };
		221B7E27276F981F00C46CF0 /* PlaceCollectionViewCell.swift */ = {isa = PBXFileReference; lastKnownFileType = sourcecode.swift; path = PlaceCollectionViewCell.swift; sourceTree = "<group>"; };
		22524EE427712B9700529A5B /* NearbyPlacesViewController.swift */ = {isa = PBXFileReference; lastKnownFileType = sourcecode.swift; path = NearbyPlacesViewController.swift; sourceTree = "<group>"; };
		22524EE6277138D400529A5B /* Double.swift */ = {isa = PBXFileReference; lastKnownFileType = sourcecode.swift; path = Double.swift; sourceTree = "<group>"; };
		22566515278218FA00B8A2C3 /* UIView.swift */ = {isa = PBXFileReference; lastKnownFileType = sourcecode.swift; path = UIView.swift; sourceTree = "<group>"; };
		225C055C2790586200DE9076 /* AuthorizationCenter.swift */ = {isa = PBXFileReference; lastKnownFileType = sourcecode.swift; path = AuthorizationCenter.swift; sourceTree = "<group>"; };
		22A13DF627BA5A4E003C9E67 /* MainCoordinator.swift */ = {isa = PBXFileReference; lastKnownFileType = sourcecode.swift; path = MainCoordinator.swift; sourceTree = "<group>"; };
		22A13DF927BA5A82003C9E67 /* MainPageComposer.swift */ = {isa = PBXFileReference; lastKnownFileType = sourcecode.swift; path = MainPageComposer.swift; sourceTree = "<group>"; };
		22A13DFB27BA5ACE003C9E67 /* PlaceDetailsComposer.swift */ = {isa = PBXFileReference; lastKnownFileType = sourcecode.swift; path = PlaceDetailsComposer.swift; sourceTree = "<group>"; };
		22A13DFD27BA5B4C003C9E67 /* NearbyPlacesComposer.swift */ = {isa = PBXFileReference; lastKnownFileType = sourcecode.swift; path = NearbyPlacesComposer.swift; sourceTree = "<group>"; };
		22A13DFF27BA5C18003C9E67 /* NSError.swift */ = {isa = PBXFileReference; lastKnownFileType = sourcecode.swift; path = NSError.swift; sourceTree = "<group>"; };
		22B74BD0278F431300BE6E52 /* DefaultHTTPClientTests.swift */ = {isa = PBXFileReference; lastKnownFileType = sourcecode.swift; path = DefaultHTTPClientTests.swift; sourceTree = "<group>"; };
		22B74BD2278F4BFD00BE6E52 /* TriposoServiceTests.swift */ = {isa = PBXFileReference; lastKnownFileType = sourcecode.swift; path = TriposoServiceTests.swift; sourceTree = "<group>"; };
		22B74BD6278F670B00BE6E52 /* TriposoPathProvider.swift */ = {isa = PBXFileReference; lastKnownFileType = sourcecode.swift; path = TriposoPathProvider.swift; sourceTree = "<group>"; };
		22B74BD8278F7F4000BE6E52 /* MainPageCompositeViewModel.swift */ = {isa = PBXFileReference; lastKnownFileType = sourcecode.swift; path = MainPageCompositeViewModel.swift; sourceTree = "<group>"; };
		22BB9FBC27776635006D6EF0 /* LocationManagerTests.swift */ = {isa = PBXFileReference; lastKnownFileType = sourcecode.swift; path = LocationManagerTests.swift; sourceTree = "<group>"; };
		22E1D5D52791FACA009F6AB1 /* DataCachePolicy.swift */ = {isa = PBXFileReference; lastKnownFileType = sourcecode.swift; path = DataCachePolicy.swift; sourceTree = "<group>"; };
		22F54FD3276CDEC500CF4E2A /* FindPlaces.app */ = {isa = PBXFileReference; explicitFileType = wrapper.application; includeInIndex = 0; path = FindPlaces.app; sourceTree = BUILT_PRODUCTS_DIR; };
		22F54FD6276CDEC500CF4E2A /* AppDelegate.swift */ = {isa = PBXFileReference; lastKnownFileType = sourcecode.swift; path = AppDelegate.swift; sourceTree = "<group>"; };
		22F54FD8276CDEC500CF4E2A /* SceneDelegate.swift */ = {isa = PBXFileReference; lastKnownFileType = sourcecode.swift; path = SceneDelegate.swift; sourceTree = "<group>"; };
		22F54FDF276CDEC700CF4E2A /* Assets.xcassets */ = {isa = PBXFileReference; lastKnownFileType = folder.assetcatalog; path = Assets.xcassets; sourceTree = "<group>"; };
		22F54FE2276CDEC700CF4E2A /* Base */ = {isa = PBXFileReference; lastKnownFileType = file.storyboard; name = Base; path = Base.lproj/LaunchScreen.storyboard; sourceTree = "<group>"; };
		22F54FE4276CDEC700CF4E2A /* Info.plist */ = {isa = PBXFileReference; lastKnownFileType = text.plist.xml; path = Info.plist; sourceTree = "<group>"; };
		22F54FE9276CDEC700CF4E2A /* FindPlacesTests.xctest */ = {isa = PBXFileReference; explicitFileType = wrapper.cfbundle; includeInIndex = 0; path = FindPlacesTests.xctest; sourceTree = BUILT_PRODUCTS_DIR; };
		22F54FED276CDEC700CF4E2A /* AppTests.swift */ = {isa = PBXFileReference; lastKnownFileType = sourcecode.swift; path = AppTests.swift; sourceTree = "<group>"; };
		22F55009276CE21500CF4E2A /* ThemeProvider.swift */ = {isa = PBXFileReference; lastKnownFileType = sourcecode.swift; path = ThemeProvider.swift; sourceTree = "<group>"; };
		22F5500B276CE3E900CF4E2A /* UIColor.swift */ = {isa = PBXFileReference; lastKnownFileType = sourcecode.swift; path = UIColor.swift; sourceTree = "<group>"; };
		22F5500F276CF0E400CF4E2A /* GoogleMapsCore.xcframework */ = {isa = PBXFileReference; lastKnownFileType = wrapper.xcframework; name = GoogleMapsCore.xcframework; path = "../../Downloads/GoogleMaps-6.0.1-beta/GoogleMapsCore.xcframework"; sourceTree = "<group>"; };
		22F55010276CF0E400CF4E2A /* GoogleMaps.xcframework */ = {isa = PBXFileReference; lastKnownFileType = wrapper.xcframework; name = GoogleMaps.xcframework; path = "../../Downloads/GoogleMaps-6.0.1-beta/GoogleMaps.xcframework"; sourceTree = "<group>"; };
		22F55011276CF0E400CF4E2A /* GoogleMapsBase.xcframework */ = {isa = PBXFileReference; lastKnownFileType = wrapper.xcframework; name = GoogleMapsBase.xcframework; path = "../../Downloads/GoogleMaps-6.0.1-beta/GoogleMapsBase.xcframework"; sourceTree = "<group>"; };
		22F55012276CF0E400CF4E2A /* GoogleMapsM4B.xcframework */ = {isa = PBXFileReference; lastKnownFileType = wrapper.xcframework; name = GoogleMapsM4B.xcframework; path = "../../Downloads/GoogleMaps-6.0.1-beta/GoogleMapsM4B.xcframework"; sourceTree = "<group>"; };
		22F5501E276CF20F00CF4E2A /* GoogleMaps.bundle */ = {isa = PBXFileReference; lastKnownFileType = "wrapper.plug-in"; name = GoogleMaps.bundle; path = "../../Downloads/GoogleMaps-6.0.1-beta/GoogleMaps.xcframework/ios-arm64_x86_64-simulator/GoogleMaps.framework/Resources/GoogleMaps.bundle"; sourceTree = "<group>"; };
		22F55020276CF24000CF4E2A /* Accelerate.framework */ = {isa = PBXFileReference; lastKnownFileType = wrapper.framework; name = Accelerate.framework; path = System/Library/Frameworks/Accelerate.framework; sourceTree = SDKROOT; };
		22F55022276CF24C00CF4E2A /* CoreData.framework */ = {isa = PBXFileReference; lastKnownFileType = wrapper.framework; name = CoreData.framework; path = System/Library/Frameworks/CoreData.framework; sourceTree = SDKROOT; };
		22F55024276CF25900CF4E2A /* CoreGraphics.framework */ = {isa = PBXFileReference; lastKnownFileType = wrapper.framework; name = CoreGraphics.framework; path = System/Library/Frameworks/CoreGraphics.framework; sourceTree = SDKROOT; };
		22F55026276CF26000CF4E2A /* CoreImage.framework */ = {isa = PBXFileReference; lastKnownFileType = wrapper.framework; name = CoreImage.framework; path = System/Library/Frameworks/CoreImage.framework; sourceTree = SDKROOT; };
		22F55028276CF26A00CF4E2A /* CoreLocation.framework */ = {isa = PBXFileReference; lastKnownFileType = wrapper.framework; name = CoreLocation.framework; path = System/Library/Frameworks/CoreLocation.framework; sourceTree = SDKROOT; };
		22F5502A276CF27300CF4E2A /* CoreTelephony.framework */ = {isa = PBXFileReference; lastKnownFileType = wrapper.framework; name = CoreTelephony.framework; path = System/Library/Frameworks/CoreTelephony.framework; sourceTree = SDKROOT; };
		22F5502C276CF28000CF4E2A /* CoreText.framework */ = {isa = PBXFileReference; lastKnownFileType = wrapper.framework; name = CoreText.framework; path = System/Library/Frameworks/CoreText.framework; sourceTree = SDKROOT; };
		22F5502E276CF28700CF4E2A /* GLKit.framework */ = {isa = PBXFileReference; lastKnownFileType = wrapper.framework; name = GLKit.framework; path = System/Library/Frameworks/GLKit.framework; sourceTree = SDKROOT; };
		22F55030276CF29000CF4E2A /* ImageIO.framework */ = {isa = PBXFileReference; lastKnownFileType = wrapper.framework; name = ImageIO.framework; path = System/Library/Frameworks/ImageIO.framework; sourceTree = SDKROOT; };
		22F55032276CF29E00CF4E2A /* libc++.tbd */ = {isa = PBXFileReference; lastKnownFileType = "sourcecode.text-based-dylib-definition"; name = "libc++.tbd"; path = "usr/lib/libc++.tbd"; sourceTree = SDKROOT; };
		22F55034276CF2A800CF4E2A /* libz.tbd */ = {isa = PBXFileReference; lastKnownFileType = "sourcecode.text-based-dylib-definition"; name = libz.tbd; path = usr/lib/libz.tbd; sourceTree = SDKROOT; };
		22F55036276CF2AD00CF4E2A /* Metal.framework */ = {isa = PBXFileReference; lastKnownFileType = wrapper.framework; name = Metal.framework; path = System/Library/Frameworks/Metal.framework; sourceTree = SDKROOT; };
		22F55038276CF2BA00CF4E2A /* OpenGLES.framework */ = {isa = PBXFileReference; lastKnownFileType = wrapper.framework; name = OpenGLES.framework; path = System/Library/Frameworks/OpenGLES.framework; sourceTree = SDKROOT; };
		22F5503A276CF2C500CF4E2A /* QuartzCore.framework */ = {isa = PBXFileReference; lastKnownFileType = wrapper.framework; name = QuartzCore.framework; path = System/Library/Frameworks/QuartzCore.framework; sourceTree = SDKROOT; };
		22F5503C276CF2CF00CF4E2A /* SystemConfiguration.framework */ = {isa = PBXFileReference; lastKnownFileType = wrapper.framework; name = SystemConfiguration.framework; path = System/Library/Frameworks/SystemConfiguration.framework; sourceTree = SDKROOT; };
		22F5503E276CF2D900CF4E2A /* UIKit.framework */ = {isa = PBXFileReference; lastKnownFileType = wrapper.framework; name = UIKit.framework; path = System/Library/Frameworks/UIKit.framework; sourceTree = SDKROOT; };
		22F55040276CF38E00CF4E2A /* HTTPClient.swift */ = {isa = PBXFileReference; lastKnownFileType = sourcecode.swift; path = HTTPClient.swift; sourceTree = "<group>"; };
		22F55047276D593E00CF4E2A /* MainPageViewController.swift */ = {isa = PBXFileReference; lastKnownFileType = sourcecode.swift; path = MainPageViewController.swift; sourceTree = "<group>"; };
		22F5504B276D5A7A00CF4E2A /* PlaceDetailsViewController.swift */ = {isa = PBXFileReference; lastKnownFileType = sourcecode.swift; path = PlaceDetailsViewController.swift; sourceTree = "<group>"; };
		22F5504D276D5B6300CF4E2A /* PlaceViewModel.swift */ = {isa = PBXFileReference; lastKnownFileType = sourcecode.swift; path = PlaceViewModel.swift; sourceTree = "<group>"; };
		22F5504F276D60C800CF4E2A /* PlacesViewModel.swift */ = {isa = PBXFileReference; lastKnownFileType = sourcecode.swift; path = PlacesViewModel.swift; sourceTree = "<group>"; };
		22F55051276D61D500CF4E2A /* PlaceLoader.swift */ = {isa = PBXFileReference; lastKnownFileType = sourcecode.swift; path = PlaceLoader.swift; sourceTree = "<group>"; };
		22F55053276D6CE500CF4E2A /* TriposoService.swift */ = {isa = PBXFileReference; lastKnownFileType = sourcecode.swift; path = TriposoService.swift; sourceTree = "<group>"; };
		22F55056276D7A8100CF4E2A /* TagViewModel.swift */ = {isa = PBXFileReference; lastKnownFileType = sourcecode.swift; path = TagViewModel.swift; sourceTree = "<group>"; };
		22F55058276D7A8900CF4E2A /* TagsViewModel.swift */ = {isa = PBXFileReference; lastKnownFileType = sourcecode.swift; path = TagsViewModel.swift; sourceTree = "<group>"; };
		22F5505C276D7AD500CF4E2A /* TagModel.swift */ = {isa = PBXFileReference; lastKnownFileType = sourcecode.swift; path = TagModel.swift; sourceTree = "<group>"; };
		22F55061276D7B1A00CF4E2A /* TagLoader.swift */ = {isa = PBXFileReference; lastKnownFileType = sourcecode.swift; path = TagLoader.swift; sourceTree = "<group>"; };
		22F55064276D7B9100CF4E2A /* PlaceModel.swift */ = {isa = PBXFileReference; lastKnownFileType = sourcecode.swift; path = PlaceModel.swift; sourceTree = "<group>"; };
		22F55066276D7FC400CF4E2A /* TagCollectionViewCell.swift */ = {isa = PBXFileReference; lastKnownFileType = sourcecode.swift; path = TagCollectionViewCell.swift; sourceTree = "<group>"; };
		22F5506A276D8C4F00CF4E2A /* AlwaysFailingStore.swift */ = {isa = PBXFileReference; lastKnownFileType = sourcecode.swift; path = AlwaysFailingStore.swift; sourceTree = "<group>"; };
		22F5506C276D8D2500CF4E2A /* NotificationService.swift */ = {isa = PBXFileReference; lastKnownFileType = sourcecode.swift; path = NotificationService.swift; sourceTree = "<group>"; };
		22F5506E276E28FF00CF4E2A /* LocationManager.swift */ = {isa = PBXFileReference; lastKnownFileType = sourcecode.swift; path = LocationManager.swift; sourceTree = "<group>"; };
		22F55070276E407D00CF4E2A /* CollectionViewLayoutProvider.swift */ = {isa = PBXFileReference; lastKnownFileType = sourcecode.swift; path = CollectionViewLayoutProvider.swift; sourceTree = "<group>"; };
/* End PBXFileReference section */

/* Begin PBXFrameworksBuildPhase section */
		22F54FD0276CDEC500CF4E2A /* Frameworks */ = {
			isa = PBXFrameworksBuildPhase;
			buildActionMask = 2147483647;
			files = (
				22F5503F276CF2DA00CF4E2A /* UIKit.framework in Frameworks */,
				22F5503D276CF2CF00CF4E2A /* SystemConfiguration.framework in Frameworks */,
				22F5503B276CF2C500CF4E2A /* QuartzCore.framework in Frameworks */,
				22F55039276CF2BA00CF4E2A /* OpenGLES.framework in Frameworks */,
				22F55037276CF2AD00CF4E2A /* Metal.framework in Frameworks */,
				22F55035276CF2A800CF4E2A /* libz.tbd in Frameworks */,
				22F55033276CF29E00CF4E2A /* libc++.tbd in Frameworks */,
				22F55031276CF29000CF4E2A /* ImageIO.framework in Frameworks */,
				22F5502F276CF28800CF4E2A /* GLKit.framework in Frameworks */,
				22F5502D276CF28000CF4E2A /* CoreText.framework in Frameworks */,
				22F5502B276CF27300CF4E2A /* CoreTelephony.framework in Frameworks */,
				22F55029276CF26A00CF4E2A /* CoreLocation.framework in Frameworks */,
				22F55027276CF26000CF4E2A /* CoreImage.framework in Frameworks */,
				22F55025276CF25900CF4E2A /* CoreGraphics.framework in Frameworks */,
				22F55023276CF24C00CF4E2A /* CoreData.framework in Frameworks */,
				22F55021276CF24000CF4E2A /* Accelerate.framework in Frameworks */,
				22F55013276CF0E400CF4E2A /* GoogleMapsCore.xcframework in Frameworks */,
				22F55019276CF0E400CF4E2A /* GoogleMapsM4B.xcframework in Frameworks */,
				22F55017276CF0E400CF4E2A /* GoogleMapsBase.xcframework in Frameworks */,
				22F55015276CF0E400CF4E2A /* GoogleMaps.xcframework in Frameworks */,
			);
			runOnlyForDeploymentPostprocessing = 0;
		};
		22F54FE6276CDEC700CF4E2A /* Frameworks */ = {
			isa = PBXFrameworksBuildPhase;
			buildActionMask = 2147483647;
			files = (
			);
			runOnlyForDeploymentPostprocessing = 0;
		};
/* End PBXFrameworksBuildPhase section */

/* Begin PBXGroup section */
		220D10332771DC7500300F96 /* Location */ = {
			isa = PBXGroup;
			children = (
				220D10312771DC6F00300F96 /* Location.swift */,
			);
			path = Location;
			sourceTree = "<group>";
		};
		220D10362771F06800300F96 /* Stores */ = {
			isa = PBXGroup;
			children = (
				22F55053276D6CE500CF4E2A /* TriposoService.swift */,
				22F5506A276D8C4F00CF4E2A /* AlwaysFailingStore.swift */,
			);
			path = Stores;
			sourceTree = "<group>";
		};
		220D10372771F08300300F96 /* UIServices */ = {
			isa = PBXGroup;
			children = (
				22F55070276E407D00CF4E2A /* CollectionViewLayoutProvider.swift */,
				22F55009276CE21500CF4E2A /* ThemeProvider.swift */,
			);
			path = UIServices;
			sourceTree = "<group>";
		};
		22A13DF827BA5A61003C9E67 /* Composers */ = {
			isa = PBXGroup;
			children = (
				22A13DF927BA5A82003C9E67 /* MainPageComposer.swift */,
				22A13DFB27BA5ACE003C9E67 /* PlaceDetailsComposer.swift */,
				22A13DFD27BA5B4C003C9E67 /* NearbyPlacesComposer.swift */,
			);
			path = Composers;
			sourceTree = "<group>";
		};
		22F54FCA276CDEC500CF4E2A = {
			isa = PBXGroup;
			children = (
				22F5501E276CF20F00CF4E2A /* GoogleMaps.bundle */,
				22F54FD5276CDEC500CF4E2A /* FindPlaces */,
				22F54FEC276CDEC700CF4E2A /* FindPlacesTests */,
				22F54FD4276CDEC500CF4E2A /* Products */,
				22F5500E276CF0E400CF4E2A /* Frameworks */,
			);
			sourceTree = "<group>";
		};
		22F54FD4276CDEC500CF4E2A /* Products */ = {
			isa = PBXGroup;
			children = (
				22F54FD3276CDEC500CF4E2A /* FindPlaces.app */,
				22F54FE9276CDEC700CF4E2A /* FindPlacesTests.xctest */,
			);
			name = Products;
			sourceTree = "<group>";
		};
		22F54FD5276CDEC500CF4E2A /* FindPlaces */ = {
			isa = PBXGroup;
			children = (
				22F55044276D591F00CF4E2A /* Model */,
				22F55046276D592A00CF4E2A /* ViewModel */,
				22F55043276D591200CF4E2A /* View */,
				22F55006276CE01200CF4E2A /* Main */,
				22F55008276CE03700CF4E2A /* Resources */,
				22F55007276CE03200CF4E2A /* Misc */,
				22F5500D276CE40F00CF4E2A /* Extensions */,
				220D10372771F08300300F96 /* UIServices */,
				22F55042276D589D00CF4E2A /* Services */,
			);
			path = FindPlaces;
			sourceTree = "<group>";
		};
		22F54FEC276CDEC700CF4E2A /* FindPlacesTests */ = {
			isa = PBXGroup;
			children = (
				22F54FED276CDEC700CF4E2A /* AppTests.swift */,
				22BB9FBC27776635006D6EF0 /* LocationManagerTests.swift */,
				22B74BD0278F431300BE6E52 /* DefaultHTTPClientTests.swift */,
				22B74BD2278F4BFD00BE6E52 /* TriposoServiceTests.swift */,
			);
			path = FindPlacesTests;
			sourceTree = "<group>";
		};
		22F55006276CE01200CF4E2A /* Main */ = {
			isa = PBXGroup;
			children = (
				22A13DF827BA5A61003C9E67 /* Composers */,
				22F54FD6276CDEC500CF4E2A /* AppDelegate.swift */,
				22F54FD8276CDEC500CF4E2A /* SceneDelegate.swift */,
				22A13DF627BA5A4E003C9E67 /* MainCoordinator.swift */,
			);
			path = Main;
			sourceTree = "<group>";
		};
		22F55007276CE03200CF4E2A /* Misc */ = {
			isa = PBXGroup;
			children = (
				22F54FE1276CDEC700CF4E2A /* LaunchScreen.storyboard */,
				22F54FE4276CDEC700CF4E2A /* Info.plist */,
			);
			path = Misc;
			sourceTree = "<group>";
		};
		22F55008276CE03700CF4E2A /* Resources */ = {
			isa = PBXGroup;
			children = (
				22F54FDF276CDEC700CF4E2A /* Assets.xcassets */,
			);
			path = Resources;
			sourceTree = "<group>";
		};
		22F5500D276CE40F00CF4E2A /* Extensions */ = {
			isa = PBXGroup;
			children = (
				22F5500B276CE3E900CF4E2A /* UIColor.swift */,
				22524EE6277138D400529A5B /* Double.swift */,
				22566515278218FA00B8A2C3 /* UIView.swift */,
				22A13DFF27BA5C18003C9E67 /* NSError.swift */,
			);
			path = Extensions;
			sourceTree = "<group>";
		};
		22F5500E276CF0E400CF4E2A /* Frameworks */ = {
			isa = PBXGroup;
			children = (
				22F5503E276CF2D900CF4E2A /* UIKit.framework */,
				22F5503C276CF2CF00CF4E2A /* SystemConfiguration.framework */,
				22F5503A276CF2C500CF4E2A /* QuartzCore.framework */,
				22F55038276CF2BA00CF4E2A /* OpenGLES.framework */,
				22F55036276CF2AD00CF4E2A /* Metal.framework */,
				22F55034276CF2A800CF4E2A /* libz.tbd */,
				22F55032276CF29E00CF4E2A /* libc++.tbd */,
				22F55030276CF29000CF4E2A /* ImageIO.framework */,
				22F5502E276CF28700CF4E2A /* GLKit.framework */,
				22F5502C276CF28000CF4E2A /* CoreText.framework */,
				22F5502A276CF27300CF4E2A /* CoreTelephony.framework */,
				22F55028276CF26A00CF4E2A /* CoreLocation.framework */,
				22F55026276CF26000CF4E2A /* CoreImage.framework */,
				22F55024276CF25900CF4E2A /* CoreGraphics.framework */,
				22F55022276CF24C00CF4E2A /* CoreData.framework */,
				22F55020276CF24000CF4E2A /* Accelerate.framework */,
				22F55010276CF0E400CF4E2A /* GoogleMaps.xcframework */,
				22F55011276CF0E400CF4E2A /* GoogleMapsBase.xcframework */,
				22F5500F276CF0E400CF4E2A /* GoogleMapsCore.xcframework */,
				22F55012276CF0E400CF4E2A /* GoogleMapsM4B.xcframework */,
			);
			name = Frameworks;
			sourceTree = "<group>";
		};
		22F55042276D589D00CF4E2A /* Services */ = {
			isa = PBXGroup;
			children = (
				220D10362771F06800300F96 /* Stores */,
				22F55040276CF38E00CF4E2A /* HTTPClient.swift */,
				22F5506C276D8D2500CF4E2A /* NotificationService.swift */,
				22F5506E276E28FF00CF4E2A /* LocationManager.swift */,
				220D102F2771918B00300F96 /* ImagesLoader.swift */,
				22B74BD6278F670B00BE6E52 /* TriposoPathProvider.swift */,
				225C055C2790586200DE9076 /* AuthorizationCenter.swift */,
			);
			path = Services;
			sourceTree = "<group>";
		};
		22F55043276D591200CF4E2A /* View */ = {
			isa = PBXGroup;
			children = (
				22F55047276D593E00CF4E2A /* MainPageViewController.swift */,
				22F5504B276D5A7A00CF4E2A /* PlaceDetailsViewController.swift */,
				22F55066276D7FC400CF4E2A /* TagCollectionViewCell.swift */,
				221B7E27276F981F00C46CF0 /* PlaceCollectionViewCell.swift */,
				22524EE427712B9700529A5B /* NearbyPlacesViewController.swift */,
			);
			path = View;
			sourceTree = "<group>";
		};
		22F55044276D591F00CF4E2A /* Model */ = {
			isa = PBXGroup;
			children = (
				22F55063276D7B6900CF4E2A /* Place */,
				22F55060276D7AFB00CF4E2A /* Tag */,
				220D10332771DC7500300F96 /* Location */,
			);
			path = Model;
			sourceTree = "<group>";
		};
		22F55046276D592A00CF4E2A /* ViewModel */ = {
			isa = PBXGroup;
			children = (
				22F55055276D7A7200CF4E2A /* Place */,
				22F5505B276D7AC700CF4E2A /* Tag */,
				22B74BD8278F7F4000BE6E52 /* MainPageCompositeViewModel.swift */,
				22E1D5D52791FACA009F6AB1 /* DataCachePolicy.swift */,
			);
			path = ViewModel;
			sourceTree = "<group>";
		};
		22F55055276D7A7200CF4E2A /* Place */ = {
			isa = PBXGroup;
			children = (
				22F5504D276D5B6300CF4E2A /* PlaceViewModel.swift */,
				22F5504F276D60C800CF4E2A /* PlacesViewModel.swift */,
			);
			path = Place;
			sourceTree = "<group>";
		};
		22F5505B276D7AC700CF4E2A /* Tag */ = {
			isa = PBXGroup;
			children = (
				22F55056276D7A8100CF4E2A /* TagViewModel.swift */,
				22F55058276D7A8900CF4E2A /* TagsViewModel.swift */,
			);
			path = Tag;
			sourceTree = "<group>";
		};
		22F55060276D7AFB00CF4E2A /* Tag */ = {
			isa = PBXGroup;
			children = (
				22F55061276D7B1A00CF4E2A /* TagLoader.swift */,
				22F5505C276D7AD500CF4E2A /* TagModel.swift */,
			);
			path = Tag;
			sourceTree = "<group>";
		};
		22F55063276D7B6900CF4E2A /* Place */ = {
			isa = PBXGroup;
			children = (
				22F55051276D61D500CF4E2A /* PlaceLoader.swift */,
				22F55064276D7B9100CF4E2A /* PlaceModel.swift */,
			);
			path = Place;
			sourceTree = "<group>";
		};
/* End PBXGroup section */

/* Begin PBXNativeTarget section */
		22F54FD2276CDEC500CF4E2A /* FindPlaces */ = {
			isa = PBXNativeTarget;
			buildConfigurationList = 22F54FFD276CDEC700CF4E2A /* Build configuration list for PBXNativeTarget "FindPlaces" */;
			buildPhases = (
				22F54FCF276CDEC500CF4E2A /* Sources */,
				22F54FD0276CDEC500CF4E2A /* Frameworks */,
				22F54FD1276CDEC500CF4E2A /* Resources */,
			);
			buildRules = (
			);
			dependencies = (
			);
			name = FindPlaces;
			productName = App;
			productReference = 22F54FD3276CDEC500CF4E2A /* FindPlaces.app */;
			productType = "com.apple.product-type.application";
		};
		22F54FE8276CDEC700CF4E2A /* FindPlacesTests */ = {
			isa = PBXNativeTarget;
			buildConfigurationList = 22F55000276CDEC700CF4E2A /* Build configuration list for PBXNativeTarget "FindPlacesTests" */;
			buildPhases = (
				22F54FE5276CDEC700CF4E2A /* Sources */,
				22F54FE6276CDEC700CF4E2A /* Frameworks */,
				22F54FE7276CDEC700CF4E2A /* Resources */,
			);
			buildRules = (
			);
			dependencies = (
				22F54FEB276CDEC700CF4E2A /* PBXTargetDependency */,
			);
			name = FindPlacesTests;
			productName = AppTests;
			productReference = 22F54FE9276CDEC700CF4E2A /* FindPlacesTests.xctest */;
			productType = "com.apple.product-type.bundle.unit-test";
		};
/* End PBXNativeTarget section */

/* Begin PBXProject section */
		22F54FCB276CDEC500CF4E2A /* Project object */ = {
			isa = PBXProject;
			attributes = {
				BuildIndependentTargetsInParallel = 1;
				LastSwiftUpdateCheck = 1310;
				LastUpgradeCheck = 1310;
				TargetAttributes = {
					22F54FD2276CDEC500CF4E2A = {
						CreatedOnToolsVersion = 13.1;
					};
					22F54FE8276CDEC700CF4E2A = {
						CreatedOnToolsVersion = 13.1;
						TestTargetID = 22F54FD2276CDEC500CF4E2A;
					};
				};
			};
			buildConfigurationList = 22F54FCE276CDEC500CF4E2A /* Build configuration list for PBXProject "FindPlaces" */;
			compatibilityVersion = "Xcode 13.0";
			developmentRegion = en;
			hasScannedForEncodings = 0;
			knownRegions = (
				en,
				Base,
			);
			mainGroup = 22F54FCA276CDEC500CF4E2A;
			productRefGroup = 22F54FD4276CDEC500CF4E2A /* Products */;
			projectDirPath = "";
			projectRoot = "";
			targets = (
				22F54FD2276CDEC500CF4E2A /* FindPlaces */,
				22F54FE8276CDEC700CF4E2A /* FindPlacesTests */,
			);
		};
/* End PBXProject section */

/* Begin PBXResourcesBuildPhase section */
		22F54FD1276CDEC500CF4E2A /* Resources */ = {
			isa = PBXResourcesBuildPhase;
			buildActionMask = 2147483647;
			files = (
				22F5501F276CF20F00CF4E2A /* GoogleMaps.bundle in Resources */,
				22F54FE3276CDEC700CF4E2A /* LaunchScreen.storyboard in Resources */,
				22F54FE0276CDEC700CF4E2A /* Assets.xcassets in Resources */,
			);
			runOnlyForDeploymentPostprocessing = 0;
		};
		22F54FE7276CDEC700CF4E2A /* Resources */ = {
			isa = PBXResourcesBuildPhase;
			buildActionMask = 2147483647;
			files = (
			);
			runOnlyForDeploymentPostprocessing = 0;
		};
/* End PBXResourcesBuildPhase section */

/* Begin PBXSourcesBuildPhase section */
		22F54FCF276CDEC500CF4E2A /* Sources */ = {
			isa = PBXSourcesBuildPhase;
			buildActionMask = 2147483647;
			files = (
				22A13DFA27BA5A82003C9E67 /* MainPageComposer.swift in Sources */,
				22F55050276D60C800CF4E2A /* PlacesViewModel.swift in Sources */,
				22F54FD7276CDEC500CF4E2A /* AppDelegate.swift in Sources */,
				22A13DFE27BA5B4C003C9E67 /* NearbyPlacesComposer.swift in Sources */,
				22F55065276D7B9100CF4E2A /* PlaceModel.swift in Sources */,
				22F5504E276D5B6300CF4E2A /* PlaceViewModel.swift in Sources */,
				22F55059276D7A8900CF4E2A /* TagsViewModel.swift in Sources */,
				22F5506B276D8C4F00CF4E2A /* AlwaysFailingStore.swift in Sources */,
				225C055D2790586200DE9076 /* AuthorizationCenter.swift in Sources */,
				22F55041276CF38E00CF4E2A /* HTTPClient.swift in Sources */,
				22F55071276E407D00CF4E2A /* CollectionViewLayoutProvider.swift in Sources */,
				22524EE7277138D400529A5B /* Double.swift in Sources */,
				22F5504C276D5A7A00CF4E2A /* PlaceDetailsViewController.swift in Sources */,
				22A13DFC27BA5ACE003C9E67 /* PlaceDetailsComposer.swift in Sources */,
				22F5506D276D8D2500CF4E2A /* NotificationService.swift in Sources */,
				22F55052276D61D500CF4E2A /* PlaceLoader.swift in Sources */,
				22E1D5D62791FACA009F6AB1 /* DataCachePolicy.swift in Sources */,
				22F5500C276CE3E900CF4E2A /* UIColor.swift in Sources */,
				220D10322771DC6F00300F96 /* Location.swift in Sources */,
				22A13E0027BA5C18003C9E67 /* NSError.swift in Sources */,
				22F55054276D6CE500CF4E2A /* TriposoService.swift in Sources */,
				22A13DF727BA5A4E003C9E67 /* MainCoordinator.swift in Sources */,
				22F55057276D7A8100CF4E2A /* TagViewModel.swift in Sources */,
				22B74BD7278F670B00BE6E52 /* TriposoPathProvider.swift in Sources */,
				22524EE527712B9700529A5B /* NearbyPlacesViewController.swift in Sources */,
				221B7E28276F981F00C46CF0 /* PlaceCollectionViewCell.swift in Sources */,
				220D10302771918B00300F96 /* ImagesLoader.swift in Sources */,
				22F5500A276CE21500CF4E2A /* ThemeProvider.swift in Sources */,
				22F5505D276D7AD500CF4E2A /* TagModel.swift in Sources */,
				22F55062276D7B1A00CF4E2A /* TagLoader.swift in Sources */,
				22F5506F276E28FF00CF4E2A /* LocationManager.swift in Sources */,
				22566516278218FA00B8A2C3 /* UIView.swift in Sources */,
				22F55067276D7FC400CF4E2A /* TagCollectionViewCell.swift in Sources */,
				22F55048276D593E00CF4E2A /* MainPageViewController.swift in Sources */,
				22B74BD9278F7F4000BE6E52 /* MainPageCompositeViewModel.swift in Sources */,
				22F54FD9276CDEC500CF4E2A /* SceneDelegate.swift in Sources */,
			);
			runOnlyForDeploymentPostprocessing = 0;
		};
		22F54FE5276CDEC700CF4E2A /* Sources */ = {
			isa = PBXSourcesBuildPhase;
			buildActionMask = 2147483647;
			files = (
				22B74BD3278F4BFD00BE6E52 /* TriposoServiceTests.swift in Sources */,
				22BB9FBD27776635006D6EF0 /* LocationManagerTests.swift in Sources */,
				22F54FEE276CDEC700CF4E2A /* AppTests.swift in Sources */,
				22B74BD1278F431300BE6E52 /* DefaultHTTPClientTests.swift in Sources */,
			);
			runOnlyForDeploymentPostprocessing = 0;
		};
/* End PBXSourcesBuildPhase section */

/* Begin PBXTargetDependency section */
		22F54FEB276CDEC700CF4E2A /* PBXTargetDependency */ = {
			isa = PBXTargetDependency;
			target = 22F54FD2276CDEC500CF4E2A /* FindPlaces */;
			targetProxy = 22F54FEA276CDEC700CF4E2A /* PBXContainerItemProxy */;
		};
/* End PBXTargetDependency section */

/* Begin PBXVariantGroup section */
		22F54FE1276CDEC700CF4E2A /* LaunchScreen.storyboard */ = {
			isa = PBXVariantGroup;
			children = (
				22F54FE2276CDEC700CF4E2A /* Base */,
			);
			name = LaunchScreen.storyboard;
			sourceTree = "<group>";
		};
/* End PBXVariantGroup section */

/* Begin XCBuildConfiguration section */
		22F54FFB276CDEC700CF4E2A /* Debug */ = {
			isa = XCBuildConfiguration;
			buildSettings = {
				ALWAYS_SEARCH_USER_PATHS = NO;
				CLANG_ANALYZER_NONNULL = YES;
				CLANG_ANALYZER_NUMBER_OBJECT_CONVERSION = YES_AGGRESSIVE;
				CLANG_CXX_LANGUAGE_STANDARD = "gnu++17";
				CLANG_CXX_LIBRARY = "libc++";
				CLANG_ENABLE_MODULES = YES;
				CLANG_ENABLE_OBJC_ARC = YES;
				CLANG_ENABLE_OBJC_WEAK = YES;
				CLANG_WARN_BLOCK_CAPTURE_AUTORELEASING = YES;
				CLANG_WARN_BOOL_CONVERSION = YES;
				CLANG_WARN_COMMA = YES;
				CLANG_WARN_CONSTANT_CONVERSION = YES;
				CLANG_WARN_DEPRECATED_OBJC_IMPLEMENTATIONS = YES;
				CLANG_WARN_DIRECT_OBJC_ISA_USAGE = YES_ERROR;
				CLANG_WARN_DOCUMENTATION_COMMENTS = YES;
				CLANG_WARN_EMPTY_BODY = YES;
				CLANG_WARN_ENUM_CONVERSION = YES;
				CLANG_WARN_INFINITE_RECURSION = YES;
				CLANG_WARN_INT_CONVERSION = YES;
				CLANG_WARN_NON_LITERAL_NULL_CONVERSION = YES;
				CLANG_WARN_OBJC_IMPLICIT_RETAIN_SELF = YES;
				CLANG_WARN_OBJC_LITERAL_CONVERSION = YES;
				CLANG_WARN_OBJC_ROOT_CLASS = YES_ERROR;
				CLANG_WARN_QUOTED_INCLUDE_IN_FRAMEWORK_HEADER = YES;
				CLANG_WARN_RANGE_LOOP_ANALYSIS = YES;
				CLANG_WARN_STRICT_PROTOTYPES = YES;
				CLANG_WARN_SUSPICIOUS_MOVE = YES;
				CLANG_WARN_UNGUARDED_AVAILABILITY = YES_AGGRESSIVE;
				CLANG_WARN_UNREACHABLE_CODE = YES;
				CLANG_WARN__DUPLICATE_METHOD_MATCH = YES;
				COPY_PHASE_STRIP = NO;
				DEBUG_INFORMATION_FORMAT = dwarf;
				ENABLE_STRICT_OBJC_MSGSEND = YES;
				ENABLE_TESTABILITY = YES;
				GCC_C_LANGUAGE_STANDARD = gnu11;
				GCC_DYNAMIC_NO_PIC = NO;
				GCC_NO_COMMON_BLOCKS = YES;
				GCC_OPTIMIZATION_LEVEL = 0;
				GCC_PREPROCESSOR_DEFINITIONS = (
					"DEBUG=1",
					"$(inherited)",
				);
				GCC_WARN_64_TO_32_BIT_CONVERSION = YES;
				GCC_WARN_ABOUT_RETURN_TYPE = YES_ERROR;
				GCC_WARN_UNDECLARED_SELECTOR = YES;
				GCC_WARN_UNINITIALIZED_AUTOS = YES_AGGRESSIVE;
				GCC_WARN_UNUSED_FUNCTION = YES;
				GCC_WARN_UNUSED_VARIABLE = YES;
				INFOPLIST_FILE = "";
				IPHONEOS_DEPLOYMENT_TARGET = 15.0;
				MTL_ENABLE_DEBUG_INFO = INCLUDE_SOURCE;
				MTL_FAST_MATH = YES;
				ONLY_ACTIVE_ARCH = YES;
				OTHER_LDFLAGS = "-ObjC";
				SDKROOT = iphoneos;
				SWIFT_ACTIVE_COMPILATION_CONDITIONS = DEBUG;
				SWIFT_OPTIMIZATION_LEVEL = "-Onone";
			};
			name = Debug;
		};
		22F54FFC276CDEC700CF4E2A /* Release */ = {
			isa = XCBuildConfiguration;
			buildSettings = {
				ALWAYS_SEARCH_USER_PATHS = NO;
				CLANG_ANALYZER_NONNULL = YES;
				CLANG_ANALYZER_NUMBER_OBJECT_CONVERSION = YES_AGGRESSIVE;
				CLANG_CXX_LANGUAGE_STANDARD = "gnu++17";
				CLANG_CXX_LIBRARY = "libc++";
				CLANG_ENABLE_MODULES = YES;
				CLANG_ENABLE_OBJC_ARC = YES;
				CLANG_ENABLE_OBJC_WEAK = YES;
				CLANG_WARN_BLOCK_CAPTURE_AUTORELEASING = YES;
				CLANG_WARN_BOOL_CONVERSION = YES;
				CLANG_WARN_COMMA = YES;
				CLANG_WARN_CONSTANT_CONVERSION = YES;
				CLANG_WARN_DEPRECATED_OBJC_IMPLEMENTATIONS = YES;
				CLANG_WARN_DIRECT_OBJC_ISA_USAGE = YES_ERROR;
				CLANG_WARN_DOCUMENTATION_COMMENTS = YES;
				CLANG_WARN_EMPTY_BODY = YES;
				CLANG_WARN_ENUM_CONVERSION = YES;
				CLANG_WARN_INFINITE_RECURSION = YES;
				CLANG_WARN_INT_CONVERSION = YES;
				CLANG_WARN_NON_LITERAL_NULL_CONVERSION = YES;
				CLANG_WARN_OBJC_IMPLICIT_RETAIN_SELF = YES;
				CLANG_WARN_OBJC_LITERAL_CONVERSION = YES;
				CLANG_WARN_OBJC_ROOT_CLASS = YES_ERROR;
				CLANG_WARN_QUOTED_INCLUDE_IN_FRAMEWORK_HEADER = YES;
				CLANG_WARN_RANGE_LOOP_ANALYSIS = YES;
				CLANG_WARN_STRICT_PROTOTYPES = YES;
				CLANG_WARN_SUSPICIOUS_MOVE = YES;
				CLANG_WARN_UNGUARDED_AVAILABILITY = YES_AGGRESSIVE;
				CLANG_WARN_UNREACHABLE_CODE = YES;
				CLANG_WARN__DUPLICATE_METHOD_MATCH = YES;
				COPY_PHASE_STRIP = NO;
				DEBUG_INFORMATION_FORMAT = "dwarf-with-dsym";
				ENABLE_NS_ASSERTIONS = NO;
				ENABLE_STRICT_OBJC_MSGSEND = YES;
				GCC_C_LANGUAGE_STANDARD = gnu11;
				GCC_NO_COMMON_BLOCKS = YES;
				GCC_WARN_64_TO_32_BIT_CONVERSION = YES;
				GCC_WARN_ABOUT_RETURN_TYPE = YES_ERROR;
				GCC_WARN_UNDECLARED_SELECTOR = YES;
				GCC_WARN_UNINITIALIZED_AUTOS = YES_AGGRESSIVE;
				GCC_WARN_UNUSED_FUNCTION = YES;
				GCC_WARN_UNUSED_VARIABLE = YES;
				INFOPLIST_FILE = "";
				IPHONEOS_DEPLOYMENT_TARGET = 15.0;
				MTL_ENABLE_DEBUG_INFO = NO;
				MTL_FAST_MATH = YES;
				OTHER_LDFLAGS = "-ObjC";
				SDKROOT = iphoneos;
				SWIFT_COMPILATION_MODE = wholemodule;
				SWIFT_OPTIMIZATION_LEVEL = "-O";
				VALIDATE_PRODUCT = YES;
			};
			name = Release;
		};
		22F54FFE276CDEC700CF4E2A /* Debug */ = {
			isa = XCBuildConfiguration;
			buildSettings = {
				ASSETCATALOG_COMPILER_APPICON_NAME = AppIcon;
				ASSETCATALOG_COMPILER_GLOBAL_ACCENT_COLOR_NAME = AccentColor;
				CODE_SIGN_IDENTITY = "Apple Development";
				CODE_SIGN_STYLE = Automatic;
				CURRENT_PROJECT_VERSION = 1;
				DEVELOPMENT_TEAM = BJDJ2WV87J;
				GENERATE_INFOPLIST_FILE = YES;
				INFOPLIST_FILE = FindPlaces/Misc/Info.plist;
				INFOPLIST_KEY_NSLocationWhenInUseUsageDescription = "Please provide access";
				INFOPLIST_KEY_UIApplicationSupportsIndirectInputEvents = YES;
				INFOPLIST_KEY_UILaunchStoryboardName = LaunchScreen;
				INFOPLIST_KEY_UISupportedInterfaceOrientations = "";
				INFOPLIST_KEY_UISupportedInterfaceOrientations_iPad = "UIInterfaceOrientationPortrait UIInterfaceOrientationPortraitUpsideDown UIInterfaceOrientationLandscapeLeft UIInterfaceOrientationLandscapeRight";
				INFOPLIST_KEY_UISupportedInterfaceOrientations_iPhone = "UIInterfaceOrientationPortrait UIInterfaceOrientationLandscapeLeft UIInterfaceOrientationLandscapeRight";
				LD_RUNPATH_SEARCH_PATHS = (
					"$(inherited)",
					"@executable_path/Frameworks",
				);
				MARKETING_VERSION = 1.0;
				PRODUCT_BUNDLE_IDENTIFIER = com.personalApp.FindPlaces;
				PRODUCT_NAME = "$(TARGET_NAME)";
				PROVISIONING_PROFILE_SPECIFIER = "";
				SWIFT_EMIT_LOC_STRINGS = YES;
				SWIFT_VERSION = 5.0;
				TARGETED_DEVICE_FAMILY = "1,2";
			};
			name = Debug;
		};
		22F54FFF276CDEC700CF4E2A /* Release */ = {
			isa = XCBuildConfiguration;
			buildSettings = {
				ASSETCATALOG_COMPILER_APPICON_NAME = AppIcon;
				ASSETCATALOG_COMPILER_GLOBAL_ACCENT_COLOR_NAME = AccentColor;
				CODE_SIGN_IDENTITY = "Apple Development";
				CODE_SIGN_STYLE = Automatic;
				CURRENT_PROJECT_VERSION = 1;
				DEVELOPMENT_TEAM = BJDJ2WV87J;
				GENERATE_INFOPLIST_FILE = YES;
				INFOPLIST_FILE = FindPlaces/Misc/Info.plist;
				INFOPLIST_KEY_NSLocationWhenInUseUsageDescription = "Please provide access";
				INFOPLIST_KEY_UIApplicationSupportsIndirectInputEvents = YES;
				INFOPLIST_KEY_UILaunchStoryboardName = LaunchScreen;
				INFOPLIST_KEY_UISupportedInterfaceOrientations = "";
				INFOPLIST_KEY_UISupportedInterfaceOrientations_iPad = "UIInterfaceOrientationPortrait UIInterfaceOrientationPortraitUpsideDown UIInterfaceOrientationLandscapeLeft UIInterfaceOrientationLandscapeRight";
				INFOPLIST_KEY_UISupportedInterfaceOrientations_iPhone = "UIInterfaceOrientationPortrait UIInterfaceOrientationLandscapeLeft UIInterfaceOrientationLandscapeRight";
				LD_RUNPATH_SEARCH_PATHS = (
					"$(inherited)",
					"@executable_path/Frameworks",
				);
				MARKETING_VERSION = 1.0;
				PRODUCT_BUNDLE_IDENTIFIER = com.personalApp.FindPlaces;
				PRODUCT_NAME = "$(TARGET_NAME)";
				PROVISIONING_PROFILE_SPECIFIER = "";
				SWIFT_EMIT_LOC_STRINGS = YES;
				SWIFT_VERSION = 5.0;
				TARGETED_DEVICE_FAMILY = "1,2";
			};
			name = Release;
		};
		22F55001276CDEC700CF4E2A /* Debug */ = {
			isa = XCBuildConfiguration;
			buildSettings = {
				ALWAYS_EMBED_SWIFT_STANDARD_LIBRARIES = YES;
				BUNDLE_LOADER = "$(TEST_HOST)";
				CODE_SIGN_STYLE = Automatic;
				CURRENT_PROJECT_VERSION = 1;
				DEVELOPMENT_TEAM = BJDJ2WV87J;
				GENERATE_INFOPLIST_FILE = YES;
				IPHONEOS_DEPLOYMENT_TARGET = 15.0;
				LD_RUNPATH_SEARCH_PATHS = (
					"$(inherited)",
					"@executable_path/Frameworks",
					"@loader_path/Frameworks",
				);
				MARKETING_VERSION = 1.0;
				PRODUCT_BUNDLE_IDENTIFIER = personal.AppTests;
				PRODUCT_NAME = "$(TARGET_NAME)";
				SWIFT_EMIT_LOC_STRINGS = NO;
				SWIFT_VERSION = 5.0;
				TARGETED_DEVICE_FAMILY = "1,2";
				TEST_HOST = "$(BUILT_PRODUCTS_DIR)/FindPlaces.app/FindPlaces";
			};
			name = Debug;
		};
		22F55002276CDEC700CF4E2A /* Release */ = {
			isa = XCBuildConfiguration;
			buildSettings = {
				ALWAYS_EMBED_SWIFT_STANDARD_LIBRARIES = YES;
				BUNDLE_LOADER = "$(TEST_HOST)";
				CODE_SIGN_STYLE = Automatic;
				CURRENT_PROJECT_VERSION = 1;
				DEVELOPMENT_TEAM = BJDJ2WV87J;
				GENERATE_INFOPLIST_FILE = YES;
				IPHONEOS_DEPLOYMENT_TARGET = 15.0;
				LD_RUNPATH_SEARCH_PATHS = (
					"$(inherited)",
					"@executable_path/Frameworks",
					"@loader_path/Frameworks",
				);
				MARKETING_VERSION = 1.0;
				PRODUCT_BUNDLE_IDENTIFIER = personal.AppTests;
				PRODUCT_NAME = "$(TARGET_NAME)";
				SWIFT_EMIT_LOC_STRINGS = NO;
				SWIFT_VERSION = 5.0;
				TARGETED_DEVICE_FAMILY = "1,2";
				TEST_HOST = "$(BUILT_PRODUCTS_DIR)/FindPlaces.app/FindPlaces";
			};
			name = Release;
		};
/* End XCBuildConfiguration section */

/* Begin XCConfigurationList section */
		22F54FCE276CDEC500CF4E2A /* Build configuration list for PBXProject "FindPlaces" */ = {
			isa = XCConfigurationList;
			buildConfigurations = (
				22F54FFB276CDEC700CF4E2A /* Debug */,
				22F54FFC276CDEC700CF4E2A /* Release */,
			);
			defaultConfigurationIsVisible = 0;
			defaultConfigurationName = Release;
		};
		22F54FFD276CDEC700CF4E2A /* Build configuration list for PBXNativeTarget "FindPlaces" */ = {
			isa = XCConfigurationList;
			buildConfigurations = (
				22F54FFE276CDEC700CF4E2A /* Debug */,
				22F54FFF276CDEC700CF4E2A /* Release */,
			);
			defaultConfigurationIsVisible = 0;
			defaultConfigurationName = Release;
		};
		22F55000276CDEC700CF4E2A /* Build configuration list for PBXNativeTarget "FindPlacesTests" */ = {
			isa = XCConfigurationList;
			buildConfigurations = (
				22F55001276CDEC700CF4E2A /* Debug */,
				22F55002276CDEC700CF4E2A /* Release */,
			);
			defaultConfigurationIsVisible = 0;
			defaultConfigurationName = Release;
		};
/* End XCConfigurationList section */
	};
	rootObject = 22F54FCB276CDEC500CF4E2A /* Project object */;
}
